
Microsoft Visual Studio Solution File, Format Version 12.00
# Visual Studio Version 16
VisualStudioVersion = 16.0.30225.117
MinimumVisualStudioVersion = 10.0.40219.1
Project("{FAE04EC0-301F-11D3-BF4B-00C04F79EFBC}") = "ShopOS Database", "ShopOS Database.csproj", "{23872F54-27EC-4161-AFF4-7E3692E0F86D}"
EndProject
Global
	GlobalSection(SolutionConfigurationPlatforms) = preSolution
		Debug|Any CPU = Debug|Any CPU
		Release|Any CPU = Release|Any CPU
	EndGlobalSection
	GlobalSection(ProjectConfigurationPlatforms) = postSolution
		{23872F54-27EC-4161-AFF4-7E3692E0F86D}.Debug|Any CPU.ActiveCfg = Debug|Any CPU
		{23872F54-27EC-4161-AFF4-7E3692E0F86D}.Debug|Any CPU.Build.0 = Debug|Any CPU
		{23872F54-27EC-4161-AFF4-7E3692E0F86D}.Release|Any CPU.ActiveCfg = Release|Any CPU
		{23872F54-27EC-4161-AFF4-7E3692E0F86D}.Release|Any CPU.Build.0 = Release|Any CPU
	EndGlobalSection
	GlobalSection(SolutionProperties) = preSolution
		HideSolutionNode = FALSE
	EndGlobalSection
	GlobalSection(ExtensibilityGlobals) = postSolution
		SolutionGuid = {A2338671-F6CF-41E4-8B16-FCCE0FBC9E4F}
	EndGlobalSection
EndGlobal
